
Microsoft Visual Studio Solution File, Format Version 12.00
# Visual Studio Version 17
VisualStudioVersion = 17.11.35222.181
MinimumVisualStudioVersion = 10.0.40219.1
Project("{9A19103F-16F7-4668-BE54-9A1E7A4F7556}") = "LibruaryAPI", "LibruaryAPI.csproj", "{EE3118CD-E485-4798-AE0C-7F9556B906E4}"
EndProject
Project("{FAE04EC0-301F-11D3-BF4B-00C04F79EFBC}") = "Tests", "..\Tests\Tests.csproj", "{653C2073-118B-4192-AEB2-B0CAE1EA8A40}"
EndProject
Global
	GlobalSection(SolutionConfigurationPlatforms) = preSolution
		Debug|Any CPU = Debug|Any CPU
		Release|Any CPU = Release|Any CPU
	EndGlobalSection
	GlobalSection(ProjectConfigurationPlatforms) = postSolution
		{EE3118CD-E485-4798-AE0C-7F9556B906E4}.Debug|Any CPU.ActiveCfg = Debug|Any CPU
		{EE3118CD-E485-4798-AE0C-7F9556B906E4}.Debug|Any CPU.Build.0 = Debug|Any CPU
		{EE3118CD-E485-4798-AE0C-7F9556B906E4}.Release|Any CPU.ActiveCfg = Release|Any CPU
		{EE3118CD-E485-4798-AE0C-7F9556B906E4}.Release|Any CPU.Build.0 = Release|Any CPU
		{653C2073-118B-4192-AEB2-B0CAE1EA8A40}.Debug|Any CPU.ActiveCfg = Debug|Any CPU
		{653C2073-118B-4192-AEB2-B0CAE1EA8A40}.Debug|Any CPU.Build.0 = Debug|Any CPU
		{653C2073-118B-4192-AEB2-B0CAE1EA8A40}.Release|Any CPU.ActiveCfg = Release|Any CPU
		{653C2073-118B-4192-AEB2-B0CAE1EA8A40}.Release|Any CPU.Build.0 = Release|Any CPU
	EndGlobalSection
	GlobalSection(SolutionProperties) = preSolution
		HideSolutionNode = FALSE
	EndGlobalSection
	GlobalSection(ExtensibilityGlobals) = postSolution
		SolutionGuid = {B602D55A-8FB0-4D21-A4EE-E9233860CABE}
	EndGlobalSection
EndGlobal
